// !$*UTF8*$!
{
	archiveVersion = 1;
	classes = {
	};
	objectVersion = 50;
	objects = {

/* Begin PBXBuildFile section */
		5780836920F669B900B98A39 /* AppDelegate.swift in Sources */ = {isa = PBXBuildFile; fileRef = 5780836820F669B900B98A39 /* AppDelegate.swift */; };
		5780836B20F669B900B98A39 /* ViewController.swift in Sources */ = {isa = PBXBuildFile; fileRef = 5780836A20F669B900B98A39 /* ViewController.swift */; };
		5780836E20F669B900B98A39 /* Main.storyboard in Resources */ = {isa = PBXBuildFile; fileRef = 5780836C20F669B900B98A39 /* Main.storyboard */; };
		5780837020F669BB00B98A39 /* Assets.xcassets in Resources */ = {isa = PBXBuildFile; fileRef = 5780836F20F669BB00B98A39 /* Assets.xcassets */; };
		5780837320F669BB00B98A39 /* LaunchScreen.storyboard in Resources */ = {isa = PBXBuildFile; fileRef = 5780837120F669BB00B98A39 /* LaunchScreen.storyboard */; };
		BA2F3E10544D31268E3CF7DB /* Pods_XInfinityTest.framework in Frameworks */ = {isa = PBXBuildFile; fileRef = 81B8A715A0D8434C748DF1B8 /* Pods_XInfinityTest.framework */; };
/* End PBXBuildFile section */

/* Begin PBXFileReference section */
		1CABD1F15E0CEC7B105F1F92 /* Pods-XInfinityTest.debug.xcconfig */ = {isa = PBXFileReference; includeInIndex = 1; lastKnownFileType = text.xcconfig; name = "Pods-XInfinityTest.debug.xcconfig"; path = "Pods/Target Support Files/Pods-XInfinityTest/Pods-XInfinityTest.debug.xcconfig"; sourceTree = "<group>"; };
		5780836520F669B900B98A39 /* XInfinityTest.app */ = {isa = PBXFileReference; explicitFileType = wrapper.application; includeInIndex = 0; path = XInfinityTest.app; sourceTree = BUILT_PRODUCTS_DIR; };
		5780836820F669B900B98A39 /* AppDelegate.swift */ = {isa = PBXFileReference; lastKnownFileType = sourcecode.swift; path = AppDelegate.swift; sourceTree = "<group>"; };
		5780836A20F669B900B98A39 /* ViewController.swift */ = {isa = PBXFileReference; lastKnownFileType = sourcecode.swift; path = ViewController.swift; sourceTree = "<group>"; };
		5780836D20F669B900B98A39 /* Base */ = {isa = PBXFileReference; lastKnownFileType = file.storyboard; name = Base; path = Base.lproj/Main.storyboard; sourceTree = "<group>"; };
		5780836F20F669BB00B98A39 /* Assets.xcassets */ = {isa = PBXFileReference; lastKnownFileType = folder.assetcatalog; path = Assets.xcassets; sourceTree = "<group>"; };
		5780837220F669BB00B98A39 /* Base */ = {isa = PBXFileReference; lastKnownFileType = file.storyboard; name = Base; path = Base.lproj/LaunchScreen.storyboard; sourceTree = "<group>"; };
		5780837420F669BB00B98A39 /* Info.plist */ = {isa = PBXFileReference; lastKnownFileType = text.plist.xml; path = Info.plist; sourceTree = "<group>"; };
		81B8A715A0D8434C748DF1B8 /* Pods_XInfinityTest.framework */ = {isa = PBXFileReference; explicitFileType = wrapper.framework; includeInIndex = 0; path = Pods_XInfinityTest.framework; sourceTree = BUILT_PRODUCTS_DIR; };
		CE60D0F0634182E6BF65D1E4 /* Pods-XInfinityTest.release.xcconfig */ = {isa = PBXFileReference; includeInIndex = 1; lastKnownFileType = text.xcconfig; name = "Pods-XInfinityTest.release.xcconfig"; path = "Pods/Target Support Files/Pods-XInfinityTest/Pods-XInfinityTest.release.xcconfig"; sourceTree = "<group>"; };
/* End PBXFileReference section */

/* Begin PBXFrameworksBuildPhase section */
		5780836220F669B900B98A39 /* Frameworks */ = {
			isa = PBXFrameworksBuildPhase;
			buildActionMask = 2147483647;
			files = (
				BA2F3E10544D31268E3CF7DB /* Pods_XInfinityTest.framework in Frameworks */,
			);
			runOnlyForDeploymentPostprocessing = 0;
		};
/* End PBXFrameworksBuildPhase section */

/* Begin PBXGroup section */
		5780835C20F669B900B98A39 = {
			isa = PBXGroup;
			children = (
				5780836720F669B900B98A39 /* XInfinityTest */,
				5780836620F669B900B98A39 /* Products */,
				BBFCB0BBA8AEC3E5E0F6CAA4 /* Pods */,
				FA8B3E03A0DD50956E0D21E4 /* Frameworks */,
			);
			sourceTree = "<group>";
		};
		5780836620F669B900B98A39 /* Products */ = {
			isa = PBXGroup;
			children = (
				5780836520F669B900B98A39 /* XInfinityTest.app */,
			);
			name = Products;
			sourceTree = "<group>";
		};
		5780836720F669B900B98A39 /* XInfinityTest */ = {
			isa = PBXGroup;
			children = (
				5780836820F669B900B98A39 /* AppDelegate.swift */,
				5780836A20F669B900B98A39 /* ViewController.swift */,
				5780836C20F669B900B98A39 /* Main.storyboard */,
				5780836F20F669BB00B98A39 /* Assets.xcassets */,
				5780837120F669BB00B98A39 /* LaunchScreen.storyboard */,
				5780837420F669BB00B98A39 /* Info.plist */,
			);
			path = XInfinityTest;
			sourceTree = "<group>";
		};
		BBFCB0BBA8AEC3E5E0F6CAA4 /* Pods */ = {
			isa = PBXGroup;
			children = (
				1CABD1F15E0CEC7B105F1F92 /* Pods-XInfinityTest.debug.xcconfig */,
				CE60D0F0634182E6BF65D1E4 /* Pods-XInfinityTest.release.xcconfig */,
			);
			name = Pods;
			sourceTree = "<group>";
		};
		FA8B3E03A0DD50956E0D21E4 /* Frameworks */ = {
			isa = PBXGroup;
			children = (
				81B8A715A0D8434C748DF1B8 /* Pods_XInfinityTest.framework */,
			);
			name = Frameworks;
			sourceTree = "<group>";
		};
/* End PBXGroup section */

/* Begin PBXNativeTarget section */
		5780836420F669B900B98A39 /* XInfinityTest */ = {
			isa = PBXNativeTarget;
			buildConfigurationList = 5780837720F669BB00B98A39 /* Build configuration list for PBXNativeTarget "XInfinityTest" */;
			buildPhases = (
				BF54BB2C61C30D888B4ADDBE /* [CP] Check Pods Manifest.lock */,
				5780836120F669B900B98A39 /* Sources */,
				5780836220F669B900B98A39 /* Frameworks */,
				5780836320F669B900B98A39 /* Resources */,
			);
			buildRules = (
			);
			dependencies = (
			);
			name = XInfinityTest;
			productName = XInfinityTest;
			productReference = 5780836520F669B900B98A39 /* XInfinityTest.app */;
			productType = "com.apple.product-type.application";
		};
/* End PBXNativeTarget section */

/* Begin PBXProject section */
		5780835D20F669B900B98A39 /* Project object */ = {
			isa = PBXProject;
			attributes = {
				LastSwiftUpdateCheck = 0940;
				LastUpgradeCheck = 0940;
				ORGANIZATIONNAME = "Victor Martin";
				TargetAttributes = {
					5780836420F669B900B98A39 = {
						CreatedOnToolsVersion = 9.4.1;
					};
				};
			};
			buildConfigurationList = 5780836020F669B900B98A39 /* Build configuration list for PBXProject "XInfinityTest" */;
			compatibilityVersion = "Xcode 9.3";
			developmentRegion = en;
			hasScannedForEncodings = 0;
			knownRegions = (
				en,
				Base,
			);
			mainGroup = 5780835C20F669B900B98A39;
			productRefGroup = 5780836620F669B900B98A39 /* Products */;
			projectDirPath = "";
			projectRoot = "";
			targets = (
				5780836420F669B900B98A39 /* XInfinityTest */,
			);
		};
/* End PBXProject section */

/* Begin PBXResourcesBuildPhase section */
		5780836320F669B900B98A39 /* Resources */ = {
			isa = PBXResourcesBuildPhase;
			buildActionMask = 2147483647;
			files = (
				5780837320F669BB00B98A39 /* LaunchScreen.storyboard in Resources */,
				5780837020F669BB00B98A39 /* Assets.xcassets in Resources */,
				5780836E20F669B900B98A39 /* Main.storyboard in Resources */,
			);
			runOnlyForDeploymentPostprocessing = 0;
		};
/* End PBXResourcesBuildPhase section */

/* Begin PBXShellScriptBuildPhase section */
		BF54BB2C61C30D888B4ADDBE /* [CP] Check Pods Manifest.lock */ = {
			isa = PBXShellScriptBuildPhase;
			buildActionMask = 2147483647;
			files = (
			);
			inputPaths = (
				"${PODS_PODFILE_DIR_PATH}/Podfile.lock",
				"${PODS_ROOT}/Manifest.lock",
			);
			name = "[CP] Check Pods Manifest.lock";
			outputPaths = (
				"$(DERIVED_FILE_DIR)/Pods-XInfinityTest-checkManifestLockResult.txt",
			);
			runOnlyForDeploymentPostprocessing = 0;
			shellPath = /bin/sh;
			shellScript = "diff \"${PODS_PODFILE_DIR_PATH}/Podfile.lock\" \"${PODS_ROOT}/Manifest.lock\" > /dev/null\nif [ $? != 0 ] ; then\n    # print error to STDERR\n    echo \"error: The sandbox is not in sync with the Podfile.lock. Run 'pod install' or update your CocoaPods installation.\" >&2\n    exit 1\nfi\n# This output is used by Xcode 'outputs' to avoid re-running this script phase.\necho \"SUCCESS\" > \"${SCRIPT_OUTPUT_FILE_0}\"\n";
			showEnvVarsInLog = 0;
		};
/* End PBXShellScriptBuildPhase section */

/* Begin PBXSourcesBuildPhase section */
		5780836120F669B900B98A39 /* Sources */ = {
			isa = PBXSourcesBuildPhase;
			buildActionMask = 2147483647;
			files = (
				5780836B20F669B900B98A39 /* ViewController.swift in Sources */,
				5780836920F669B900B98A39 /* AppDelegate.swift in Sources */,
			);
			runOnlyForDeploymentPostprocessing = 0;
		};
/* End PBXSourcesBuildPhase section */

/* Begin PBXVariantGroup section */
		5780836C20F669B900B98A39 /* Main.storyboard */ = {
			isa = PBXVariantGroup;
			children = (
				5780836D20F669B900B98A39 /* Base */,
			);
			name = Main.storyboard;
			sourceTree = "<group>";
		};
		5780837120F669BB00B98A39 /* LaunchScreen.storyboard */ = {
			isa = PBXVariantGroup;
			children = (
				5780837220F669BB00B98A39 /* Base */,
			);
			name = LaunchScreen.storyboard;
			sourceTree = "<group>";
		};
/* End PBXVariantGroup section */

/* Begin XCBuildConfiguration section */
		5780837520F669BB00B98A39 /* Debug */ = {
			isa = XCBuildConfiguration;
			buildSettings = {
				ALWAYS_SEARCH_USER_PATHS = NO;
				CLANG_ANALYZER_NONNULL = YES;
				CLANG_ANALYZER_NUMBER_OBJECT_CONVERSION = YES_AGGRESSIVE;
				CLANG_CXX_LANGUAGE_STANDARD = "gnu++14";
				CLANG_CXX_LIBRARY = "libc++";
				CLANG_ENABLE_MODULES = YES;
				CLANG_ENABLE_OBJC_ARC = YES;
				CLANG_ENABLE_OBJC_WEAK = YES;
				CLANG_WARN_BLOCK_CAPTURE_AUTORELEASING = YES;
				CLANG_WARN_BOOL_CONVERSION = YES;
				CLANG_WARN_COMMA = YES;
				CLANG_WARN_CONSTANT_CONVERSION = YES;
				CLANG_WARN_DEPRECATED_OBJC_IMPLEMENTATIONS = YES;
				CLANG_WARN_DIRECT_OBJC_ISA_USAGE = YES_ERROR;
				CLANG_WARN_DOCUMENTATION_COMMENTS = YES;
				CLANG_WARN_EMPTY_BODY = YES;
				CLANG_WARN_ENUM_CONVERSION = YES;
				CLANG_WARN_INFINITE_RECURSION = YES;
				CLANG_WARN_INT_CONVERSION = YES;
				CLANG_WARN_NON_LITERAL_NULL_CONVERSION = YES;
				CLANG_WARN_OBJC_IMPLICIT_RETAIN_SELF = YES;
				CLANG_WARN_OBJC_LITERAL_CONVERSION = YES;
				CLANG_WARN_OBJC_ROOT_CLASS = YES_ERROR;
				CLANG_WARN_RANGE_LOOP_ANALYSIS = YES;
				CLANG_WARN_STRICT_PROTOTYPES = YES;
				CLANG_WARN_SUSPICIOUS_MOVE = YES;
				CLANG_WARN_UNGUARDED_AVAILABILITY = YES_AGGRESSIVE;
				CLANG_WARN_UNREACHABLE_CODE = YES;
				CLANG_WARN__DUPLICATE_METHOD_MATCH = YES;
				CODE_SIGN_IDENTITY = "iPhone Developer";
				COPY_PHASE_STRIP = NO;
				DEBUG_INFORMATION_FORMAT = dwarf;
				ENABLE_STRICT_OBJC_MSGSEND = YES;
				ENABLE_TESTABILITY = YES;
				GCC_C_LANGUAGE_STANDARD = gnu11;
				GCC_DYNAMIC_NO_PIC = NO;
				GCC_NO_COMMON_BLOCKS = YES;
				GCC_OPTIMIZATION_LEVEL = 0;
				GCC_PREPROCESSOR_DEFINITIONS = (
					"DEBUG=1",
					"$(inherited)",
				);
				GCC_WARN_64_TO_32_BIT_CONVERSION = YES;
				GCC_WARN_ABOUT_RETURN_TYPE = YES_ERROR;
				GCC_WARN_UNDECLARED_SELECTOR = YES;
				GCC_WARN_UNINITIALIZED_AUTOS = YES_AGGRESSIVE;
				GCC_WARN_UNUSED_FUNCTION = YES;
				GCC_WARN_UNUSED_VARIABLE = YES;
				IPHONEOS_DEPLOYMENT_TARGET = 11.4;
				MTL_ENABLE_DEBUG_INFO = YES;
				ONLY_ACTIVE_ARCH = YES;
				SDKROOT = iphoneos;
				SWIFT_ACTIVE_COMPILATION_CONDITIONS = DEBUG;
				SWIFT_OPTIMIZATION_LEVEL = "-Onone";
			};
			name = Debug;
		};
		5780837620F669BB00B98A39 /* Release */ = {
			isa = XCBuildConfiguration;
			buildSettings = {
				ALWAYS_SEARCH_USER_PATHS = NO;
				CLANG_ANALYZER_NONNULL = YES;
				CLANG_ANALYZER_NUMBER_OBJECT_CONVERSION = YES_AGGRESSIVE;
				CLANG_CXX_LANGUAGE_STANDARD = "gnu++14";
				CLANG_CXX_LIBRARY = "libc++";
				CLANG_ENABLE_MODULES = YES;
				CLANG_ENABLE_OBJC_ARC = YES;
				CLANG_ENABLE_OBJC_WEAK = YES;
				CLANG_WARN_BLOCK_CAPTURE_AUTORELEASING = YES;
				CLANG_WARN_BOOL_CONVERSION = YES;
				CLANG_WARN_COMMA = YES;
				CLANG_WARN_CONSTANT_CONVERSION = YES;
				CLANG_WARN_DEPRECATED_OBJC_IMPLEMENTATIONS = YES;
				CLANG_WARN_DIRECT_OBJC_ISA_USAGE = YES_ERROR;
				CLANG_WARN_DOCUMENTATION_COMMENTS = YES;
				CLANG_WARN_EMPTY_BODY = YES;
				CLANG_WARN_ENUM_CONVERSION = YES;
				CLANG_WARN_INFINITE_RECURSION = YES;
				CLANG_WARN_INT_CONVERSION = YES;
				CLANG_WARN_NON_LITERAL_NULL_CONVERSION = YES;
				CLANG_WARN_OBJC_IMPLICIT_RETAIN_SELF = YES;
				CLANG_WARN_OBJC_LITERAL_CONVERSION = YES;
				CLANG_WARN_OBJC_ROOT_CLASS = YES_ERROR;
				CLANG_WARN_RANGE_LOOP_ANALYSIS = YES;
				CLANG_WARN_STRICT_PROTOTYPES = YES;
				CLANG_WARN_SUSPICIOUS_MOVE = YES;
				CLANG_WARN_UNGUARDED_AVAILABILITY = YES_AGGRESSIVE;
				CLANG_WARN_UNREACHABLE_CODE = YES;
				CLANG_WARN__DUPLICATE_METHOD_MATCH = YES;
				CODE_SIGN_IDENTITY = "iPhone Developer";
				COPY_PHASE_STRIP = NO;
				DEBUG_INFORMATION_FORMAT = "dwarf-with-dsym";
				ENABLE_NS_ASSERTIONS = NO;
				ENABLE_STRICT_OBJC_MSGSEND = YES;
				GCC_C_LANGUAGE_STANDARD = gnu11;
				GCC_NO_COMMON_BLOCKS = YES;
				GCC_WARN_64_TO_32_BIT_CONVERSION = YES;
				GCC_WARN_ABOUT_RETURN_TYPE = YES_ERROR;
				GCC_WARN_UNDECLARED_SELECTOR = YES;
				GCC_WARN_UNINITIALIZED_AUTOS = YES_AGGRESSIVE;
				GCC_WARN_UNUSED_FUNCTION = YES;
				GCC_WARN_UNUSED_VARIABLE = YES;
				IPHONEOS_DEPLOYMENT_TARGET = 11.4;
				MTL_ENABLE_DEBUG_INFO = NO;
				SDKROOT = iphoneos;
				SWIFT_COMPILATION_MODE = wholemodule;
				SWIFT_OPTIMIZATION_LEVEL = "-O";
				VALIDATE_PRODUCT = YES;
			};
			name = Release;
		};
		5780837820F669BB00B98A39 /* Debug */ = {
			isa = XCBuildConfiguration;
			baseConfigurationReference = 1CABD1F15E0CEC7B105F1F92 /* Pods-XInfinityTest.debug.xcconfig */;
			buildSettings = {
				ASSETCATALOG_COMPILER_APPICON_NAME = AppIcon;
				CODE_SIGN_STYLE = Automatic;
				DEVELOPMENT_TEAM = 583F6H5M8G;
				INFOPLIST_FILE = XInfinityTest/Info.plist;
				LD_RUNPATH_SEARCH_PATHS = (
					"$(inherited)",
					"@executable_path/Frameworks",
				);
				PRODUCT_BUNDLE_IDENTIFIER = Victor.XInfinityTest;
				PRODUCT_NAME = "$(TARGET_NAME)";
				SWIFT_VERSION = 4.0;
				TARGETED_DEVICE_FAMILY = "1,2";
			};
			name = Debug;
		};
		5780837920F669BB00B98A39 /* Release */ = {
			isa = XCBuildConfiguration;
			baseConfigurationReference = CE60D0F0634182E6BF65D1E4 /* Pods-XInfinityTest.release.xcconfig */;
			buildSettings = {
				ASSETCATALOG_COMPILER_APPICON_NAME = AppIcon;
				CODE_SIGN_STYLE = Automatic;
				DEVELOPMENT_TEAM = 583F6H5M8G;
				INFOPLIST_FILE = XInfinityTest/Info.plist;
				LD_RUNPATH_SEARCH_PATHS = (
					"$(inherited)",
					"@executable_path/Frameworks",
				);
				PRODUCT_BUNDLE_IDENTIFIER = Victor.XInfinityTest;
				PRODUCT_NAME = "$(TARGET_NAME)";
				SWIFT_VERSION = 4.0;
				TARGETED_DEVICE_FAMILY = "1,2";
			};
			name = Release;
		};
/* End XCBuildConfiguration section */

/* Begin XCConfigurationList section */
		5780836020F669B900B98A39 /* Build configuration list for PBXProject "XInfinityTest" */ = {
			isa = XCConfigurationList;
			buildConfigurations = (
				5780837520F669BB00B98A39 /* Debug */,
				5780837620F669BB00B98A39 /* Release */,
			);
			defaultConfigurationIsVisible = 0;
			defaultConfigurationName = Release;
		};
		5780837720F669BB00B98A39 /* Build configuration list for PBXNativeTarget "XInfinityTest" */ = {
			isa = XCConfigurationList;
			buildConfigurations = (
				5780837820F669BB00B98A39 /* Debug */,
				5780837920F669BB00B98A39 /* Release */,
			);
			defaultConfigurationIsVisible = 0;
			defaultConfigurationName = Release;
		};
/* End XCConfigurationList section */
	};
	rootObject = 5780835D20F669B900B98A39 /* Project object */;
}
